
Microsoft Visual Studio Solution File, Format Version 12.00
Project("{FAE04EC0-301F-11D3-BF4B-00C04F79EFBC}") = "TextUtils_Bugs", "TextUtils_Bugs\TextUtils_Bugs.csproj", "{2FEFC433-BA5E-4F50-8EB6-9F27ABFEF366}"
EndProject
Global
	GlobalSection(SolutionConfigurationPlatforms) = preSolution
		Debug|Any CPU = Debug|Any CPU
		Release|Any CPU = Release|Any CPU
	EndGlobalSection
	GlobalSection(ProjectConfigurationPlatforms) = postSolution
		{2FEFC433-BA5E-4F50-8EB6-9F27ABFEF366}.Debug|Any CPU.ActiveCfg = Debug|Any CPU
		{2FEFC433-BA5E-4F50-8EB6-9F27ABFEF366}.Debug|Any CPU.Build.0 = Debug|Any CPU
		{2FEFC433-BA5E-4F50-8EB6-9F27ABFEF366}.Release|Any CPU.ActiveCfg = Release|Any CPU
		{2FEFC433-BA5E-4F50-8EB6-9F27ABFEF366}.Release|Any CPU.Build.0 = Release|Any CPU
	EndGlobalSection
EndGlobal
